
Microsoft Visual Studio Solution File, Format Version 12.00
# Visual Studio 15
VisualStudioVersion = 15.0.27130.2026
MinimumVisualStudioVersion = 10.0.40219.1
Project("{9A19103F-16F7-4668-BE54-9A1E7A4F7556}") = "ProgressOnderwijsUtils", "src\ProgressOnderwijsUtils\ProgressOnderwijsUtils.csproj", "{6C13FAA1-9347-4256-BCFD-F111E6121480}"
EndProject
Project("{9A19103F-16F7-4668-BE54-9A1E7A4F7556}") = "ProgressOnderwijsUtils.Tests", "test\ProgressOnderwijsUtils.Tests\ProgressOnderwijsUtils.Tests.csproj", "{4C25AC3F-293B-46BE-A853-CD5AF64E542E}"
EndProject
Project("{2150E333-8FDC-42A3-9474-1A3956D46DE8}") = "Solution Items", "Solution Items", "{CAF8D43B-2F61-421B-BD61-43848D1192BE}"
	ProjectSection(SolutionItems) = preProject
		.gitignore = .gitignore
		.travis.yml = .travis.yml
		appveyor.yml = appveyor.yml
		How-to-push-to-nuget.txt = How-to-push-to-nuget.txt
		src\NugetPackagesCommon.props = src\NugetPackagesCommon.props
		Performance1.psess = Performance1.psess
	EndProjectSection
EndProject
Project("{9A19103F-16F7-4668-BE54-9A1E7A4F7556}") = "ProgressOnderwijsUtilsBenchmarks", "tools\ProgressOnderwijsUtilsBenchmarks\ProgressOnderwijsUtilsBenchmarks.csproj", "{E7B8ECF6-16BD-4FFA-A390-E1C1B9906A56}"
EndProject
Project("{9A19103F-16F7-4668-BE54-9A1E7A4F7556}") = "ProgressOnderwijsUtils.Drawing", "src\ProgressOnderwijsUtils.Drawing\ProgressOnderwijsUtils.Drawing.csproj", "{33B4D898-0767-4F1A-B5BE-136056475690}"
EndProject
Project("{9A19103F-16F7-4668-BE54-9A1E7A4F7556}") = "ProgressOnderwijsUtils.Drawing.Tests", "test\ProgressOnderwijsUtils.Drawing.Tests\ProgressOnderwijsUtils.Drawing.Tests.csproj", "{6EFEB272-8FA1-4D5C-8698-6F4DACCF360E}"
EndProject
Project("{2150E333-8FDC-42A3-9474-1A3956D46DE8}") = "src", "src", "{AB343C95-4D8D-4931-AA14-F854F33AFE6C}"
EndProject
Project("{2150E333-8FDC-42A3-9474-1A3956D46DE8}") = "test", "test", "{720DEC45-B36A-4966-819C-128CCA14C255}"
EndProject
Project("{2150E333-8FDC-42A3-9474-1A3956D46DE8}") = "tools", "tools", "{98B31731-39CC-43ED-A3A7-FAEBEBE98DB2}"
EndProject
Project("{9A19103F-16F7-4668-BE54-9A1E7A4F7556}") = "ProgressOnderwijsUtils.AspNetCore", "src\ProgressOnderwijsUtils.AspNetCore\ProgressOnderwijsUtils.AspNetCore.csproj", "{EADC8263-2782-4682-8F5B-6EAA191DD800}"
EndProject
Global
	GlobalSection(SolutionConfigurationPlatforms) = preSolution
		Debug|Any CPU = Debug|Any CPU
		Release|Any CPU = Release|Any CPU
	EndGlobalSection
	GlobalSection(ProjectConfigurationPlatforms) = postSolution
		{6C13FAA1-9347-4256-BCFD-F111E6121480}.Debug|Any CPU.ActiveCfg = Debug|Any CPU
		{6C13FAA1-9347-4256-BCFD-F111E6121480}.Debug|Any CPU.Build.0 = Debug|Any CPU
		{6C13FAA1-9347-4256-BCFD-F111E6121480}.Release|Any CPU.ActiveCfg = Release|Any CPU
		{6C13FAA1-9347-4256-BCFD-F111E6121480}.Release|Any CPU.Build.0 = Release|Any CPU
		{4C25AC3F-293B-46BE-A853-CD5AF64E542E}.Debug|Any CPU.ActiveCfg = Debug|Any CPU
		{4C25AC3F-293B-46BE-A853-CD5AF64E542E}.Debug|Any CPU.Build.0 = Debug|Any CPU
		{4C25AC3F-293B-46BE-A853-CD5AF64E542E}.Release|Any CPU.ActiveCfg = Release|Any CPU
		{4C25AC3F-293B-46BE-A853-CD5AF64E542E}.Release|Any CPU.Build.0 = Release|Any CPU
		{E7B8ECF6-16BD-4FFA-A390-E1C1B9906A56}.Debug|Any CPU.ActiveCfg = Debug|Any CPU
		{E7B8ECF6-16BD-4FFA-A390-E1C1B9906A56}.Debug|Any CPU.Build.0 = Debug|Any CPU
		{E7B8ECF6-16BD-4FFA-A390-E1C1B9906A56}.Release|Any CPU.ActiveCfg = Release|Any CPU
		{E7B8ECF6-16BD-4FFA-A390-E1C1B9906A56}.Release|Any CPU.Build.0 = Release|Any CPU
		{33B4D898-0767-4F1A-B5BE-136056475690}.Debug|Any CPU.ActiveCfg = Debug|Any CPU
		{33B4D898-0767-4F1A-B5BE-136056475690}.Debug|Any CPU.Build.0 = Debug|Any CPU
		{33B4D898-0767-4F1A-B5BE-136056475690}.Release|Any CPU.ActiveCfg = Release|Any CPU
		{33B4D898-0767-4F1A-B5BE-136056475690}.Release|Any CPU.Build.0 = Release|Any CPU
		{6EFEB272-8FA1-4D5C-8698-6F4DACCF360E}.Debug|Any CPU.ActiveCfg = Debug|Any CPU
		{6EFEB272-8FA1-4D5C-8698-6F4DACCF360E}.Debug|Any CPU.Build.0 = Debug|Any CPU
		{6EFEB272-8FA1-4D5C-8698-6F4DACCF360E}.Release|Any CPU.ActiveCfg = Release|Any CPU
		{6EFEB272-8FA1-4D5C-8698-6F4DACCF360E}.Release|Any CPU.Build.0 = Release|Any CPU
		{EADC8263-2782-4682-8F5B-6EAA191DD800}.Debug|Any CPU.ActiveCfg = Debug|Any CPU
		{EADC8263-2782-4682-8F5B-6EAA191DD800}.Debug|Any CPU.Build.0 = Debug|Any CPU
		{EADC8263-2782-4682-8F5B-6EAA191DD800}.Release|Any CPU.ActiveCfg = Release|Any CPU
		{EADC8263-2782-4682-8F5B-6EAA191DD800}.Release|Any CPU.Build.0 = Release|Any CPU
	EndGlobalSection
	GlobalSection(SolutionProperties) = preSolution
		HideSolutionNode = FALSE
	EndGlobalSection
	GlobalSection(NestedProjects) = preSolution
		{6C13FAA1-9347-4256-BCFD-F111E6121480} = {AB343C95-4D8D-4931-AA14-F854F33AFE6C}
		{4C25AC3F-293B-46BE-A853-CD5AF64E542E} = {720DEC45-B36A-4966-819C-128CCA14C255}
		{E7B8ECF6-16BD-4FFA-A390-E1C1B9906A56} = {98B31731-39CC-43ED-A3A7-FAEBEBE98DB2}
		{33B4D898-0767-4F1A-B5BE-136056475690} = {AB343C95-4D8D-4931-AA14-F854F33AFE6C}
		{6EFEB272-8FA1-4D5C-8698-6F4DACCF360E} = {720DEC45-B36A-4966-819C-128CCA14C255}
		{EADC8263-2782-4682-8F5B-6EAA191DD800} = {AB343C95-4D8D-4931-AA14-F854F33AFE6C}
	EndGlobalSection
	GlobalSection(ExtensibilityGlobals) = postSolution
		SolutionGuid = {2E1CE476-2F5C-4FCE-B590-175594609727}
	EndGlobalSection
	GlobalSection(Performance) = preSolution
		HasPerformanceSessions = true
	EndGlobalSection
	GlobalSection(Performance) = preSolution
		HasPerformanceSessions = true
	EndGlobalSection
	GlobalSection(Performance) = preSolution
		HasPerformanceSessions = true
	EndGlobalSection
	GlobalSection(Performance) = preSolution
		HasPerformanceSessions = true
	EndGlobalSection
EndGlobal
