
Microsoft Visual Studio Solution File, Format Version 12.00
# Visual Studio 14
VisualStudioVersion = 14.0.23107.0
MinimumVisualStudioVersion = 10.0.40219.1
Project("{FAE04EC0-301F-11D3-BF4B-00C04F79EFBC}") = "QueryBuilderConverter", "QueryBuilderConverter\QueryBuilderConverter\QueryBuilderConverter.csproj", "{A422A94D-360C-45F6-8981-E65B31544798}"
EndProject
Project("{FAE04EC0-301F-11D3-BF4B-00C04F79EFBC}") = "QueryBuilderConverter.Test", "QueryBuilderConverter\QueryBuilderConverter.Test\QueryBuilderConverter.Test.csproj", "{3CE03535-494A-4161-9BE5-06D8DC764FC2}"
EndProject
Project("{FAE04EC0-301F-11D3-BF4B-00C04F79EFBC}") = "QueryBuilderConverter.Vsix", "QueryBuilderConverter\QueryBuilderConverter.Vsix\QueryBuilderConverter.Vsix.csproj", "{2F9E14BE-F744-426B-B55E-3642B338D867}"
EndProject
Global
	GlobalSection(SolutionConfigurationPlatforms) = preSolution
		Debug|Any CPU = Debug|Any CPU
		Release|Any CPU = Release|Any CPU
	EndGlobalSection
	GlobalSection(ProjectConfigurationPlatforms) = postSolution
		{A422A94D-360C-45F6-8981-E65B31544798}.Debug|Any CPU.ActiveCfg = Debug|Any CPU
		{A422A94D-360C-45F6-8981-E65B31544798}.Debug|Any CPU.Build.0 = Debug|Any CPU
		{A422A94D-360C-45F6-8981-E65B31544798}.Release|Any CPU.ActiveCfg = Release|Any CPU
		{A422A94D-360C-45F6-8981-E65B31544798}.Release|Any CPU.Build.0 = Release|Any CPU
		{3CE03535-494A-4161-9BE5-06D8DC764FC2}.Debug|Any CPU.ActiveCfg = Debug|Any CPU
		{3CE03535-494A-4161-9BE5-06D8DC764FC2}.Debug|Any CPU.Build.0 = Debug|Any CPU
		{3CE03535-494A-4161-9BE5-06D8DC764FC2}.Release|Any CPU.ActiveCfg = Release|Any CPU
		{3CE03535-494A-4161-9BE5-06D8DC764FC2}.Release|Any CPU.Build.0 = Release|Any CPU
		{2F9E14BE-F744-426B-B55E-3642B338D867}.Debug|Any CPU.ActiveCfg = Debug|Any CPU
		{2F9E14BE-F744-426B-B55E-3642B338D867}.Debug|Any CPU.Build.0 = Debug|Any CPU
		{2F9E14BE-F744-426B-B55E-3642B338D867}.Release|Any CPU.ActiveCfg = Release|Any CPU
		{2F9E14BE-F744-426B-B55E-3642B338D867}.Release|Any CPU.Build.0 = Release|Any CPU
	EndGlobalSection
	GlobalSection(SolutionProperties) = preSolution
		HideSolutionNode = FALSE
	EndGlobalSection
EndGlobal
